Microsoft Visual Studio Solution File, Format Version 11.00
# Visual Studio 2008

Project("{1A81CD31-F6DA-917D-2F40-DEAAE6D09223}") = "Magic Gun Castle Extreme v.i42", "Assembly-CSharp.csproj", "{7F3742CC-124A-1924-5C30-0FC256CC444F}"
EndProject
Project("{1A81CD31-F6DA-917D-2F40-DEAAE6D09223}") = "Magic Gun Castle Extreme v.i42", "Assembly-CSharp-Editor.csproj", "{C2380658-8E80-C911-7509-E45C87C2888C}"
EndProject
Global
	GlobalSection(SolutionConfigurationPlatforms) = preSolution
		Debug|Any CPU = Debug|Any CPU
		Release|Any CPU = Release|Any CPU
	EndGlobalSection
	GlobalSection(ProjectConfigurationPlatforms) = postSolution
		{7F3742CC-124A-1924-5C30-0FC256CC444F}.Debug|Any CPU.ActiveCfg = Debug|Any CPU
		{7F3742CC-124A-1924-5C30-0FC256CC444F}.Debug|Any CPU.Build.0 = Debug|Any CPU
		{7F3742CC-124A-1924-5C30-0FC256CC444F}.Release|Any CPU.ActiveCfg = Release|Any CPU
		{7F3742CC-124A-1924-5C30-0FC256CC444F}.Release|Any CPU.Build.0 = Release|Any CPU
		{C2380658-8E80-C911-7509-E45C87C2888C}.Debug|Any CPU.ActiveCfg = Debug|Any CPU
		{C2380658-8E80-C911-7509-E45C87C2888C}.Debug|Any CPU.Build.0 = Debug|Any CPU
		{C2380658-8E80-C911-7509-E45C87C2888C}.Release|Any CPU.ActiveCfg = Release|Any CPU
		{C2380658-8E80-C911-7509-E45C87C2888C}.Release|Any CPU.Build.0 = Release|Any CPU
	EndGlobalSection
	GlobalSection(SolutionProperties) = preSolution
		HideSolutionNode = FALSE
	EndGlobalSection
	GlobalSection(MonoDevelopProperties) = preSolution
		StartupItem = Assembly-CSharp.csproj
	EndGlobalSection
EndGlobal
